// !$*UTF8*$!
{
	archiveVersion = 1;
	classes = {
	};
	objectVersion = 46;
	objects = {

/* Begin PBXBuildFile section */
		6328BA901CFBD6CB004442D5 /* CLSystem.m in Sources */ = {isa = PBXBuildFile; fileRef = 6328BA8F1CFBD6CB004442D5 /* CLSystem.m */; };
		6328BAA51CFC0E3F004442D5 /* 11.png in Resources */ = {isa = PBXBuildFile; fileRef = 6328BAA41CFC0E3F004442D5 /* 11.png */; };
		6328BAA71CFC0E56004442D5 /* 12.png in Resources */ = {isa = PBXBuildFile; fileRef = 6328BAA61CFC0E56004442D5 /* 12.png */; };
		638398D91CF3088100133E3C /* main.m in Sources */ = {isa = PBXBuildFile; fileRef = 638398D81CF3088100133E3C /* main.m */; };
		638398DC1CF3088100133E3C /* AppDelegate.m in Sources */ = {isa = PBXBuildFile; fileRef = 638398DB1CF3088100133E3C /* AppDelegate.m */; };
		638398DF1CF3088100133E3C /* ViewController.m in Sources */ = {isa = PBXBuildFile; fileRef = 638398DE1CF3088100133E3C /* ViewController.m */; };
		638398E21CF3088100133E3C /* Main.storyboard in Resources */ = {isa = PBXBuildFile; fileRef = 638398E01CF3088100133E3C /* Main.storyboard */; };
		638398E41CF3088100133E3C /* Assets.xcassets in Resources */ = {isa = PBXBuildFile; fileRef = 638398E31CF3088100133E3C /* Assets.xcassets */; };
		638398E71CF3088100133E3C /* LaunchScreen.storyboard in Resources */ = {isa = PBXBuildFile; fileRef = 638398E51CF3088100133E3C /* LaunchScreen.storyboard */; };
		638398EF1CF30A8300133E3C /* 8.png in Resources */ = {isa = PBXBuildFile; fileRef = 638398EE1CF30A8300133E3C /* 8.png */; };
		63B27F6C1CF3EB8900DBE595 /* 10@2x.png in Resources */ = {isa = PBXBuildFile; fileRef = 63B27F6B1CF3EB8900DBE595 /* 10@2x.png */; };
/* End PBXBuildFile section */

/* Begin PBXFileReference section */
		6328BA8E1CFBD6CB004442D5 /* CLSystem.h */ = {isa = PBXFileReference; fileEncoding = 4; lastKnownFileType = sourcecode.c.h; path = CLSystem.h; sourceTree = "<group>"; };
		6328BA8F1CFBD6CB004442D5 /* CLSystem.m */ = {isa = PBXFileReference; fileEncoding = 4; lastKnownFileType = sourcecode.c.objc; path = CLSystem.m; sourceTree = "<group>"; };
		6328BAA41CFC0E3F004442D5 /* 11.png */ = {isa = PBXFileReference; lastKnownFileType = image.png; path = 11.png; sourceTree = "<group>"; };
		6328BAA61CFC0E56004442D5 /* 12.png */ = {isa = PBXFileReference; lastKnownFileType = image.png; path = 12.png; sourceTree = "<group>"; };
		638398D41CF3088100133E3C /* cintattle.app */ = {isa = PBXFileReference; explicitFileType = wrapper.application; includeInIndex = 0; path = cintattle.app; sourceTree = BUILT_PRODUCTS_DIR; };
		638398D81CF3088100133E3C /* main.m */ = {isa = PBXFileReference; lastKnownFileType = sourcecode.c.objc; path = main.m; sourceTree = "<group>"; };
		638398DA1CF3088100133E3C /* AppDelegate.h */ = {isa = PBXFileReference; lastKnownFileType = sourcecode.c.h; path = AppDelegate.h; sourceTree = "<group>"; };
		638398DB1CF3088100133E3C /* AppDelegate.m */ = {isa = PBXFileReference; lastKnownFileType = sourcecode.c.objc; path = AppDelegate.m; sourceTree = "<group>"; };
		638398DD1CF3088100133E3C /* ViewController.h */ = {isa = PBXFileReference; lastKnownFileType = sourcecode.c.h; path = ViewController.h; sourceTree = "<group>"; };
		638398DE1CF3088100133E3C /* ViewController.m */ = {isa = PBXFileReference; lastKnownFileType = sourcecode.c.objc; path = ViewController.m; sourceTree = "<group>"; };
		638398E11CF3088100133E3C /* Base */ = {isa = PBXFileReference; lastKnownFileType = file.storyboard; name = Base; path = Base.lproj/Main.storyboard; sourceTree = "<group>"; };
		638398E31CF3088100133E3C /* Assets.xcassets */ = {isa = PBXFileReference; lastKnownFileType = folder.assetcatalog; path = Assets.xcassets; sourceTree = "<group>"; };
		638398E61CF3088100133E3C /* Base */ = {isa = PBXFileReference; lastKnownFileType = file.storyboard; name = Base; path = Base.lproj/LaunchScreen.storyboard; sourceTree = "<group>"; };
		638398E81CF3088100133E3C /* Info.plist */ = {isa = PBXFileReference; lastKnownFileType = text.plist.xml; path = Info.plist; sourceTree = "<group>"; };
		638398EE1CF30A8300133E3C /* 8.png */ = {isa = PBXFileReference; lastKnownFileType = image.png; path = 8.png; sourceTree = "<group>"; };
		63B27F6B1CF3EB8900DBE595 /* 10@2x.png */ = {isa = PBXFileReference; lastKnownFileType = image.png; path = "10@2x.png"; sourceTree = "<group>"; };
/* End PBXFileReference section */

/* Begin PBXFrameworksBuildPhase section */
		638398D11CF3088100133E3C /* Frameworks */ = {
			isa = PBXFrameworksBuildPhase;
			buildActionMask = 2147483647;
			files = (
			);
			runOnlyForDeploymentPostprocessing = 0;
		};
/* End PBXFrameworksBuildPhase section */

/* Begin PBXGroup section */
		638398CB1CF3088100133E3C = {
			isa = PBXGroup;
			children = (
				638398D61CF3088100133E3C /* cintattle */,
				638398D51CF3088100133E3C /* Products */,
			);
			sourceTree = "<group>";
		};
		638398D51CF3088100133E3C /* Products */ = {
			isa = PBXGroup;
			children = (
				638398D41CF3088100133E3C /* cintattle.app */,
			);
			name = Products;
			sourceTree = "<group>";
		};
		638398D61CF3088100133E3C /* cintattle */ = {
			isa = PBXGroup;
			children = (
				638398DA1CF3088100133E3C /* AppDelegate.h */,
				638398DB1CF3088100133E3C /* AppDelegate.m */,
				638398DD1CF3088100133E3C /* ViewController.h */,
				638398DE1CF3088100133E3C /* ViewController.m */,
				6328BA8E1CFBD6CB004442D5 /* CLSystem.h */,
				6328BA8F1CFBD6CB004442D5 /* CLSystem.m */,
				6328BAA41CFC0E3F004442D5 /* 11.png */,
				6328BAA61CFC0E56004442D5 /* 12.png */,
				638398EE1CF30A8300133E3C /* 8.png */,
				63B27F6B1CF3EB8900DBE595 /* 10@2x.png */,
				638398E01CF3088100133E3C /* Main.storyboard */,
				638398E31CF3088100133E3C /* Assets.xcassets */,
				638398E51CF3088100133E3C /* LaunchScreen.storyboard */,
				638398E81CF3088100133E3C /* Info.plist */,
				638398D71CF3088100133E3C /* Supporting Files */,
			);
			path = cintattle;
			sourceTree = "<group>";
		};
		638398D71CF3088100133E3C /* Supporting Files */ = {
			isa = PBXGroup;
			children = (
				638398D81CF3088100133E3C /* main.m */,
			);
			name = "Supporting Files";
			sourceTree = "<group>";
		};
/* End PBXGroup section */

/* Begin PBXNativeTarget section */
		638398D31CF3088100133E3C /* cintattle */ = {
			isa = PBXNativeTarget;
			buildConfigurationList = 638398EB1CF3088100133E3C /* Build configuration list for PBXNativeTarget "cintattle" */;
			buildPhases = (
				638398D01CF3088100133E3C /* Sources */,
				638398D11CF3088100133E3C /* Frameworks */,
				638398D21CF3088100133E3C /* Resources */,
			);
			buildRules = (
			);
			dependencies = (
			);
			name = cintattle;
			productName = cintattle;
			productReference = 638398D41CF3088100133E3C /* cintattle.app */;
			productType = "com.apple.product-type.application";
		};
/* End PBXNativeTarget section */

/* Begin PBXProject section */
		638398CC1CF3088100133E3C /* Project object */ = {
			isa = PBXProject;
			attributes = {
				LastUpgradeCheck = 0730;
				ORGANIZATIONNAME = cl;
				TargetAttributes = {
					638398D31CF3088100133E3C = {
						CreatedOnToolsVersion = 7.3.1;
					};
				};
			};
			buildConfigurationList = 638398CF1CF3088100133E3C /* Build configuration list for PBXProject "cintattle" */;
			compatibilityVersion = "Xcode 3.2";
			developmentRegion = English;
			hasScannedForEncodings = 0;
			knownRegions = (
				en,
				Base,
			);
			mainGroup = 638398CB1CF3088100133E3C;
			productRefGroup = 638398D51CF3088100133E3C /* Products */;
			projectDirPath = "";
			projectRoot = "";
			targets = (
				638398D31CF3088100133E3C /* cintattle */,
			);
		};
/* End PBXProject section */

/* Begin PBXResourcesBuildPhase section */
		638398D21CF3088100133E3C /* Resources */ = {
			isa = PBXResourcesBuildPhase;
			buildActionMask = 2147483647;
			files = (
				63B27F6C1CF3EB8900DBE595 /* 10@2x.png in Resources */,
				638398EF1CF30A8300133E3C /* 8.png in Resources */,
				638398E71CF3088100133E3C /* LaunchScreen.storyboard in Resources */,
				638398E41CF3088100133E3C /* Assets.xcassets in Resources */,
				638398E21CF3088100133E3C /* Main.storyboard in Resources */,
				6328BAA71CFC0E56004442D5 /* 12.png in Resources */,
				6328BAA51CFC0E3F004442D5 /* 11.png in Resources */,
			);
			runOnlyForDeploymentPostprocessing = 0;
		};
/* End PBXResourcesBuildPhase section */

/* Begin PBXSourcesBuildPhase section */
		638398D01CF3088100133E3C /* Sources */ = {
			isa = PBXSourcesBuildPhase;
			buildActionMask = 2147483647;
			files = (
				638398DF1CF3088100133E3C /* ViewController.m in Sources */,
				6328BA901CFBD6CB004442D5 /* CLSystem.m in Sources */,
				638398DC1CF3088100133E3C /* AppDelegate.m in Sources */,
				638398D91CF3088100133E3C /* main.m in Sources */,
			);
			runOnlyForDeploymentPostprocessing = 0;
		};
/* End PBXSourcesBuildPhase section */

/* Begin PBXVariantGroup section */
		638398E01CF3088100133E3C /* Main.storyboard */ = {
			isa = PBXVariantGroup;
			children = (
				638398E11CF3088100133E3C /* Base */,
			);
			name = Main.storyboard;
			sourceTree = "<group>";
		};
		638398E51CF3088100133E3C /* LaunchScreen.storyboard */ = {
			isa = PBXVariantGroup;
			children = (
				638398E61CF3088100133E3C /* Base */,
			);
			name = LaunchScreen.storyboard;
			sourceTree = "<group>";
		};
/* End PBXVariantGroup section */

/* Begin XCBuildConfiguration section */
		638398E91CF3088100133E3C /* Debug */ = {
			isa = XCBuildConfiguration;
			buildSettings = {
				ALWAYS_SEARCH_USER_PATHS = NO;
				CLANG_ANALYZER_NONNULL = YES;
				CLANG_CXX_LANGUAGE_STANDARD = "gnu++0x";
				CLANG_CXX_LIBRARY = "libc++";
				CLANG_ENABLE_MODULES = YES;
				CLANG_ENABLE_OBJC_ARC = YES;
				CLANG_WARN_BOOL_CONVERSION = YES;
				CLANG_WARN_CONSTANT_CONVERSION = YES;
				CLANG_WARN_DIRECT_OBJC_ISA_USAGE = YES_ERROR;
				CLANG_WARN_EMPTY_BODY = YES;
				CLANG_WARN_ENUM_CONVERSION = YES;
				CLANG_WARN_INT_CONVERSION = YES;
				CLANG_WARN_OBJC_ROOT_CLASS = YES_ERROR;
				CLANG_WARN_UNREACHABLE_CODE = YES;
				CLANG_WARN__DUPLICATE_METHOD_MATCH = YES;
				"CODE_SIGN_IDENTITY[sdk=iphoneos*]" = "iPhone Developer";
				COPY_PHASE_STRIP = NO;
				DEBUG_INFORMATION_FORMAT = dwarf;
				ENABLE_STRICT_OBJC_MSGSEND = YES;
				ENABLE_TESTABILITY = YES;
				GCC_C_LANGUAGE_STANDARD = gnu99;
				GCC_DYNAMIC_NO_PIC = NO;
				GCC_NO_COMMON_BLOCKS = YES;
				GCC_OPTIMIZATION_LEVEL = 0;
				GCC_PREPROCESSOR_DEFINITIONS = (
					"DEBUG=1",
					"$(inherited)",
				);
				GCC_WARN_64_TO_32_BIT_CONVERSION = YES;
				GCC_WARN_ABOUT_RETURN_TYPE = YES_ERROR;
				GCC_WARN_UNDECLARED_SELECTOR = YES;
				GCC_WARN_UNINITIALIZED_AUTOS = YES_AGGRESSIVE;
				GCC_WARN_UNUSED_FUNCTION = YES;
				GCC_WARN_UNUSED_VARIABLE = YES;
				IPHONEOS_DEPLOYMENT_TARGET = 9.3;
				MTL_ENABLE_DEBUG_INFO = YES;
				ONLY_ACTIVE_ARCH = YES;
				SDKROOT = iphoneos;
			};
			name = Debug;
		};
		638398EA1CF3088100133E3C /* Release */ = {
			isa = XCBuildConfiguration;
			buildSettings = {
				ALWAYS_SEARCH_USER_PATHS = NO;
				CLANG_ANALYZER_NONNULL = YES;
				CLANG_CXX_LANGUAGE_STANDARD = "gnu++0x";
				CLANG_CXX_LIBRARY = "libc++";
				CLANG_ENABLE_MODULES = YES;
				CLANG_ENABLE_OBJC_ARC = YES;
				CLANG_WARN_BOOL_CONVERSION = YES;
				CLANG_WARN_CONSTANT_CONVERSION = YES;
				CLANG_WARN_DIRECT_OBJC_ISA_USAGE = YES_ERROR;
				CLANG_WARN_EMPTY_BODY = YES;
				CLANG_WARN_ENUM_CONVERSION = YES;
				CLANG_WARN_INT_CONVERSION = YES;
				CLANG_WARN_OBJC_ROOT_CLASS = YES_ERROR;
				CLANG_WARN_UNREACHABLE_CODE = YES;
				CLANG_WARN__DUPLICATE_METHOD_MATCH = YES;
				"CODE_SIGN_IDENTITY[sdk=iphoneos*]" = "iPhone Developer";
				COPY_PHASE_STRIP = NO;
				DEBUG_INFORMATION_FORMAT = "dwarf-with-dsym";
				ENABLE_NS_ASSERTIONS = NO;
				ENABLE_STRICT_OBJC_MSGSEND = YES;
				GCC_C_LANGUAGE_STANDARD = gnu99;
				GCC_NO_COMMON_BLOCKS = YES;
				GCC_WARN_64_TO_32_BIT_CONVERSION = YES;
				GCC_WARN_ABOUT_RETURN_TYPE = YES_ERROR;
				GCC_WARN_UNDECLARED_SELECTOR = YES;
				GCC_WARN_UNINITIALIZED_AUTOS = YES_AGGRESSIVE;
				GCC_WARN_UNUSED_FUNCTION = YES;
				GCC_WARN_UNUSED_VARIABLE = YES;
				IPHONEOS_DEPLOYMENT_TARGET = 9.3;
				MTL_ENABLE_DEBUG_INFO = NO;
				SDKROOT = iphoneos;
				VALIDATE_PRODUCT = YES;
			};
			name = Release;
		};
		638398EC1CF3088100133E3C /* Debug */ = {
			isa = XCBuildConfiguration;
			buildSettings = {
				ASSETCATALOG_COMPILER_APPICON_NAME = AppIcon;
				INFOPLIST_FILE = cintattle/Info.plist;
				IPHONEOS_DEPLOYMENT_TARGET = 6.0;
				LD_RUNPATH_SEARCH_PATHS = "$(inherited) @executable_path/Frameworks";
				PRODUCT_BUNDLE_IDENTIFIER = com.launch.cintattle;
				PRODUCT_NAME = "$(TARGET_NAME)";
			};
			name = Debug;
		};
		638398ED1CF3088100133E3C /* Release */ = {
			isa = XCBuildConfiguration;
			buildSettings = {
				ASSETCATALOG_COMPILER_APPICON_NAME = AppIcon;
				INFOPLIST_FILE = cintattle/Info.plist;
				IPHONEOS_DEPLOYMENT_TARGET = 6.0;
				LD_RUNPATH_SEARCH_PATHS = "$(inherited) @executable_path/Frameworks";
				PRODUCT_BUNDLE_IDENTIFIER = com.launch.cintattle;
				PRODUCT_NAME = "$(TARGET_NAME)";
			};
			name = Release;
		};
/* End XCBuildConfiguration section */

/* Begin XCConfigurationList section */
		638398CF1CF3088100133E3C /* Build configuration list for PBXProject "cintattle" */ = {
			isa = XCConfigurationList;
			buildConfigurations = (
				638398E91CF3088100133E3C /* Debug */,
				638398EA1CF3088100133E3C /* Release */,
			);
			defaultConfigurationIsVisible = 0;
			defaultConfigurationName = Release;
		};
		638398EB1CF3088100133E3C /* Build configuration list for PBXNativeTarget "cintattle" */ = {
			isa = XCConfigurationList;
			buildConfigurations = (
				638398EC1CF3088100133E3C /* Debug */,
				638398ED1CF3088100133E3C /* Release */,
			);
			defaultConfigurationIsVisible = 0;
			defaultConfigurationName = Release;
		};
/* End XCConfigurationList section */
	};
	rootObject = 638398CC1CF3088100133E3C /* Project object */;
}
